
Microsoft Visual Studio Solution File, Format Version 12.00
# Visual Studio Version 16
VisualStudioVersion = 16.0.30406.217
MinimumVisualStudioVersion = 10.0.40219.1
Project("{FAE04EC0-301F-11D3-BF4B-00C04F79EFBC}") = "Lab6(Inheritance And Polymorphism)", "Lab6(Inheritance And Polymorphism).csproj", "{1E89DEEE-E88B-485C-ABB4-9C5E9F2155CE}"
EndProject
Global
	GlobalSection(SolutionConfigurationPlatforms) = preSolution
		Debug|Any CPU = Debug|Any CPU
		Release|Any CPU = Release|Any CPU
	EndGlobalSection
	GlobalSection(ProjectConfigurationPlatforms) = postSolution
		{1E89DEEE-E88B-485C-ABB4-9C5E9F2155CE}.Debug|Any CPU.ActiveCfg = Debug|Any CPU
		{1E89DEEE-E88B-485C-ABB4-9C5E9F2155CE}.Debug|Any CPU.Build.0 = Debug|Any CPU
		{1E89DEEE-E88B-485C-ABB4-9C5E9F2155CE}.Release|Any CPU.ActiveCfg = Release|Any CPU
		{1E89DEEE-E88B-485C-ABB4-9C5E9F2155CE}.Release|Any CPU.Build.0 = Release|Any CPU
	EndGlobalSection
	GlobalSection(SolutionProperties) = preSolution
		HideSolutionNode = FALSE
	EndGlobalSection
	GlobalSection(ExtensibilityGlobals) = postSolution
		SolutionGuid = {C5061186-CAD1-4533-9456-C2224A50338F}
	EndGlobalSection
EndGlobal
