
Microsoft Visual Studio Solution File, Format Version 12.00
# Visual Studio Version 16
VisualStudioVersion = 16.0.30406.217
MinimumVisualStudioVersion = 10.0.40219.1
Project("{FAE04EC0-301F-11D3-BF4B-00C04F79EFBC}") = "Lab1", "Lab1\Lab1.csproj", "{685839EC-29A7-4291-9623-F18CC7A163CE}"
EndProject
Project("{2150E333-8FDC-42A3-9474-1A3956D46DE8}") = "Solution Items", "Solution Items", "{1BB5E829-60A6-45C3-81BC-2B702D35E689}"
EndProject
Global
	GlobalSection(SolutionConfigurationPlatforms) = preSolution
		Debug|Any CPU = Debug|Any CPU
		Release|Any CPU = Release|Any CPU
	EndGlobalSection
	GlobalSection(ProjectConfigurationPlatforms) = postSolution
		{685839EC-29A7-4291-9623-F18CC7A163CE}.Debug|Any CPU.ActiveCfg = Debug|Any CPU
		{685839EC-29A7-4291-9623-F18CC7A163CE}.Debug|Any CPU.Build.0 = Debug|Any CPU
		{685839EC-29A7-4291-9623-F18CC7A163CE}.Release|Any CPU.ActiveCfg = Release|Any CPU
		{685839EC-29A7-4291-9623-F18CC7A163CE}.Release|Any CPU.Build.0 = Release|Any CPU
	EndGlobalSection
	GlobalSection(SolutionProperties) = preSolution
		HideSolutionNode = FALSE
	EndGlobalSection
	GlobalSection(ExtensibilityGlobals) = postSolution
		SolutionGuid = {F6DA20B4-BBAE-4BD7-BD5A-5A6BE9001236}
	EndGlobalSection
EndGlobal
