
Microsoft Visual Studio Solution File, Format Version 12.00
# Visual Studio Version 16
VisualStudioVersion = 16.0.30406.217
MinimumVisualStudioVersion = 10.0.40219.1
Project("{FAE04EC0-301F-11D3-BF4B-00C04F79EFBC}") = "Lab4", "Lab4.csproj", "{C57F3366-520C-440A-9598-AA921A80BA43}"
EndProject
Global
	GlobalSection(SolutionConfigurationPlatforms) = preSolution
		Debug|Any CPU = Debug|Any CPU
		Release|Any CPU = Release|Any CPU
	EndGlobalSection
	GlobalSection(ProjectConfigurationPlatforms) = postSolution
		{C57F3366-520C-440A-9598-AA921A80BA43}.Debug|Any CPU.ActiveCfg = Debug|Any CPU
		{C57F3366-520C-440A-9598-AA921A80BA43}.Debug|Any CPU.Build.0 = Debug|Any CPU
		{C57F3366-520C-440A-9598-AA921A80BA43}.Release|Any CPU.ActiveCfg = Release|Any CPU
		{C57F3366-520C-440A-9598-AA921A80BA43}.Release|Any CPU.Build.0 = Release|Any CPU
	EndGlobalSection
	GlobalSection(SolutionProperties) = preSolution
		HideSolutionNode = FALSE
	EndGlobalSection
	GlobalSection(ExtensibilityGlobals) = postSolution
		SolutionGuid = {DCD6F03F-0C6F-479A-8C45-1AF41BD57E57}
	EndGlobalSection
EndGlobal
