
Microsoft Visual Studio Solution File, Format Version 12.00
# Visual Studio Version 16
VisualStudioVersion = 16.0.30406.217
MinimumVisualStudioVersion = 10.0.40219.1
Project("{FAE04EC0-301F-11D3-BF4B-00C04F79EFBC}") = "NumbersGame", "NumbersGame\NumbersGame.csproj", "{83AB009E-3910-4EB8-83BB-4ECD1FCEB215}"
EndProject
Global
	GlobalSection(SolutionConfigurationPlatforms) = preSolution
		Debug|Any CPU = Debug|Any CPU
		Release|Any CPU = Release|Any CPU
	EndGlobalSection
	GlobalSection(ProjectConfigurationPlatforms) = postSolution
		{83AB009E-3910-4EB8-83BB-4ECD1FCEB215}.Debug|Any CPU.ActiveCfg = Debug|Any CPU
		{83AB009E-3910-4EB8-83BB-4ECD1FCEB215}.Debug|Any CPU.Build.0 = Debug|Any CPU
		{83AB009E-3910-4EB8-83BB-4ECD1FCEB215}.Release|Any CPU.ActiveCfg = Release|Any CPU
		{83AB009E-3910-4EB8-83BB-4ECD1FCEB215}.Release|Any CPU.Build.0 = Release|Any CPU
	EndGlobalSection
	GlobalSection(SolutionProperties) = preSolution
		HideSolutionNode = FALSE
	EndGlobalSection
	GlobalSection(ExtensibilityGlobals) = postSolution
		SolutionGuid = {B226D167-DC3A-42DD-933E-0E0D948C829D}
	EndGlobalSection
EndGlobal
